
Microsoft Visual Studio Solution File, Format Version 12.00
# Visual Studio Version 17
VisualStudioVersion = 17.5.33516.290
MinimumVisualStudioVersion = 10.0.40219.1
Project("{9A19103F-16F7-4668-BE54-9A1E7A4F7556}") = "DateTimeService.Api", "DateTime.Api\DateTimeService.Api.csproj", "{8E4B9F94-C94A-4817-B5FA-F4A7AA685C5B}"
EndProject
Project("{9A19103F-16F7-4668-BE54-9A1E7A4F7556}") = "DateTimeService.Application", "DateTime.Application\DateTimeService.Application.csproj", "{FE01E453-20CF-4E1A-B1BE-5634DE52EE79}"
EndProject
Project("{9A19103F-16F7-4668-BE54-9A1E7A4F7556}") = "DateTimeService.Contracts", "DateTime.Contracts\DateTimeService.Contracts.csproj", "{99AF6C2A-FE98-43FA-88FC-6CECEF7AF649}"
EndProject
Global
	GlobalSection(SolutionConfigurationPlatforms) = preSolution
		Debug|Any CPU = Debug|Any CPU
		Release|Any CPU = Release|Any CPU
	EndGlobalSection
	GlobalSection(ProjectConfigurationPlatforms) = postSolution
		{8E4B9F94-C94A-4817-B5FA-F4A7AA685C5B}.Debug|Any CPU.ActiveCfg = Debug|Any CPU
		{8E4B9F94-C94A-4817-B5FA-F4A7AA685C5B}.Debug|Any CPU.Build.0 = Debug|Any CPU
		{8E4B9F94-C94A-4817-B5FA-F4A7AA685C5B}.Release|Any CPU.ActiveCfg = Release|Any CPU
		{8E4B9F94-C94A-4817-B5FA-F4A7AA685C5B}.Release|Any CPU.Build.0 = Release|Any CPU
		{FE01E453-20CF-4E1A-B1BE-5634DE52EE79}.Debug|Any CPU.ActiveCfg = Debug|Any CPU
		{FE01E453-20CF-4E1A-B1BE-5634DE52EE79}.Debug|Any CPU.Build.0 = Debug|Any CPU
		{FE01E453-20CF-4E1A-B1BE-5634DE52EE79}.Release|Any CPU.ActiveCfg = Release|Any CPU
		{FE01E453-20CF-4E1A-B1BE-5634DE52EE79}.Release|Any CPU.Build.0 = Release|Any CPU
		{99AF6C2A-FE98-43FA-88FC-6CECEF7AF649}.Debug|Any CPU.ActiveCfg = Debug|Any CPU
		{99AF6C2A-FE98-43FA-88FC-6CECEF7AF649}.Debug|Any CPU.Build.0 = Debug|Any CPU
		{99AF6C2A-FE98-43FA-88FC-6CECEF7AF649}.Release|Any CPU.ActiveCfg = Release|Any CPU
		{99AF6C2A-FE98-43FA-88FC-6CECEF7AF649}.Release|Any CPU.Build.0 = Release|Any CPU
	EndGlobalSection
	GlobalSection(SolutionProperties) = preSolution
		HideSolutionNode = FALSE
	EndGlobalSection
	GlobalSection(ExtensibilityGlobals) = postSolution
		SolutionGuid = {AB6C1BE6-5233-4086-8872-B5255E5E2AD3}
	EndGlobalSection
EndGlobal
